// !$*UTF8*$!
{
	archiveVersion = 1;
	classes = {
	};
	objectVersion = 46;
	objects = {

/* Begin PBXBuildFile section */
		13635E071AAE8356009B3427 /* main.m in Sources */ = {isa = PBXBuildFile; fileRef = 13635E061AAE8356009B3427 /* main.m */; };
		13635E0A1AAE8356009B3427 /* AppDelegate.m in Sources */ = {isa = PBXBuildFile; fileRef = 13635E091AAE8356009B3427 /* AppDelegate.m */; };
		13635E0D1AAE8356009B3427 /* ViewController.m in Sources */ = {isa = PBXBuildFile; fileRef = 13635E0C1AAE8356009B3427 /* ViewController.m */; };
		13635E101AAE8356009B3427 /* Main.storyboard in Resources */ = {isa = PBXBuildFile; fileRef = 13635E0E1AAE8356009B3427 /* Main.storyboard */; };
		13635E121AAE8356009B3427 /* Images.xcassets in Resources */ = {isa = PBXBuildFile; fileRef = 13635E111AAE8356009B3427 /* Images.xcassets */; };
		13635E151AAE8356009B3427 /* LaunchScreen.xib in Resources */ = {isa = PBXBuildFile; fileRef = 13635E131AAE8356009B3427 /* LaunchScreen.xib */; };
		13635E211AAE8356009B3427 /* YouKuSDKDemoTests.m in Sources */ = {isa = PBXBuildFile; fileRef = 13635E201AAE8356009B3427 /* YouKuSDKDemoTests.m */; };
		13635E2D1AAE8592009B3427 /* FRYouKuUtils.m in Sources */ = {isa = PBXBuildFile; fileRef = 13635E2C1AAE8592009B3427 /* FRYouKuUtils.m */; };
		13635E301AAE866D009B3427 /* FRVideo.m in Sources */ = {isa = PBXBuildFile; fileRef = 13635E2F1AAE866D009B3427 /* FRVideo.m */; };
		13635E331AAE8D96009B3427 /* FRUser.m in Sources */ = {isa = PBXBuildFile; fileRef = 13635E321AAE8D96009B3427 /* FRUser.m */; };
/* End PBXBuildFile section */

/* Begin PBXContainerItemProxy section */
		13635E1B1AAE8356009B3427 /* PBXContainerItemProxy */ = {
			isa = PBXContainerItemProxy;
			containerPortal = 13635DF91AAE8356009B3427 /* Project object */;
			proxyType = 1;
			remoteGlobalIDString = 13635E001AAE8356009B3427;
			remoteInfo = YouKuSDKDemo;
		};
/* End PBXContainerItemProxy section */

/* Begin PBXFileReference section */
		13635E011AAE8356009B3427 /* YouKuSDKDemo.app */ = {isa = PBXFileReference; explicitFileType = wrapper.application; includeInIndex = 0; path = YouKuSDKDemo.app; sourceTree = BUILT_PRODUCTS_DIR; };
		13635E051AAE8356009B3427 /* Info.plist */ = {isa = PBXFileReference; lastKnownFileType = text.plist.xml; path = Info.plist; sourceTree = "<group>"; };
		13635E061AAE8356009B3427 /* main.m */ = {isa = PBXFileReference; lastKnownFileType = sourcecode.c.objc; path = main.m; sourceTree = "<group>"; };
		13635E081AAE8356009B3427 /* AppDelegate.h */ = {isa = PBXFileReference; lastKnownFileType = sourcecode.c.h; path = AppDelegate.h; sourceTree = "<group>"; };
		13635E091AAE8356009B3427 /* AppDelegate.m */ = {isa = PBXFileReference; lastKnownFileType = sourcecode.c.objc; path = AppDelegate.m; sourceTree = "<group>"; };
		13635E0B1AAE8356009B3427 /* ViewController.h */ = {isa = PBXFileReference; lastKnownFileType = sourcecode.c.h; path = ViewController.h; sourceTree = "<group>"; };
		13635E0C1AAE8356009B3427 /* ViewController.m */ = {isa = PBXFileReference; lastKnownFileType = sourcecode.c.objc; path = ViewController.m; sourceTree = "<group>"; };
		13635E0F1AAE8356009B3427 /* Base */ = {isa = PBXFileReference; lastKnownFileType = file.storyboard; name = Base; path = Base.lproj/Main.storyboard; sourceTree = "<group>"; };
		13635E111AAE8356009B3427 /* Images.xcassets */ = {isa = PBXFileReference; lastKnownFileType = folder.assetcatalog; path = Images.xcassets; sourceTree = "<group>"; };
		13635E141AAE8356009B3427 /* Base */ = {isa = PBXFileReference; lastKnownFileType = file.xib; name = Base; path = Base.lproj/LaunchScreen.xib; sourceTree = "<group>"; };
		13635E1A1AAE8356009B3427 /* YouKuSDKDemoTests.xctest */ = {isa = PBXFileReference; explicitFileType = wrapper.cfbundle; includeInIndex = 0; path = YouKuSDKDemoTests.xctest; sourceTree = BUILT_PRODUCTS_DIR; };
		13635E1F1AAE8356009B3427 /* Info.plist */ = {isa = PBXFileReference; lastKnownFileType = text.plist.xml; path = Info.plist; sourceTree = "<group>"; };
		13635E201AAE8356009B3427 /* YouKuSDKDemoTests.m */ = {isa = PBXFileReference; lastKnownFileType = sourcecode.c.objc; path = YouKuSDKDemoTests.m; sourceTree = "<group>"; };
		13635E2B1AAE8592009B3427 /* FRYouKuUtils.h */ = {isa = PBXFileReference; fileEncoding = 4; lastKnownFileType = sourcecode.c.h; path = FRYouKuUtils.h; sourceTree = "<group>"; };
		13635E2C1AAE8592009B3427 /* FRYouKuUtils.m */ = {isa = PBXFileReference; fileEncoding = 4; lastKnownFileType = sourcecode.c.objc; path = FRYouKuUtils.m; sourceTree = "<group>"; };
		13635E2E1AAE866D009B3427 /* FRVideo.h */ = {isa = PBXFileReference; fileEncoding = 4; lastKnownFileType = sourcecode.c.h; path = FRVideo.h; sourceTree = "<group>"; };
		13635E2F1AAE866D009B3427 /* FRVideo.m */ = {isa = PBXFileReference; fileEncoding = 4; lastKnownFileType = sourcecode.c.objc; path = FRVideo.m; sourceTree = "<group>"; };
		13635E311AAE8D96009B3427 /* FRUser.h */ = {isa = PBXFileReference; fileEncoding = 4; lastKnownFileType = sourcecode.c.h; path = FRUser.h; sourceTree = "<group>"; };
		13635E321AAE8D96009B3427 /* FRUser.m */ = {isa = PBXFileReference; fileEncoding = 4; lastKnownFileType = sourcecode.c.objc; path = FRUser.m; sourceTree = "<group>"; };
/* End PBXFileReference section */

/* Begin PBXFrameworksBuildPhase section */
		13635DFE1AAE8356009B3427 /* Frameworks */ = {
			isa = PBXFrameworksBuildPhase;
			buildActionMask = 2147483647;
			files = (
			);
			runOnlyForDeploymentPostprocessing = 0;
		};
		13635E171AAE8356009B3427 /* Frameworks */ = {
			isa = PBXFrameworksBuildPhase;
			buildActionMask = 2147483647;
			files = (
			);
			runOnlyForDeploymentPostprocessing = 0;
		};
/* End PBXFrameworksBuildPhase section */

/* Begin PBXGroup section */
		13635DF81AAE8356009B3427 = {
			isa = PBXGroup;
			children = (
				13635E031AAE8356009B3427 /* YouKuSDKDemo */,
				13635E1D1AAE8356009B3427 /* YouKuSDKDemoTests */,
				13635E021AAE8356009B3427 /* Products */,
			);
			sourceTree = "<group>";
		};
		13635E021AAE8356009B3427 /* Products */ = {
			isa = PBXGroup;
			children = (
				13635E011AAE8356009B3427 /* YouKuSDKDemo.app */,
				13635E1A1AAE8356009B3427 /* YouKuSDKDemoTests.xctest */,
			);
			name = Products;
			sourceTree = "<group>";
		};
		13635E031AAE8356009B3427 /* YouKuSDKDemo */ = {
			isa = PBXGroup;
			children = (
				13635E2A1AAE8363009B3427 /* SDKSources */,
				13635E081AAE8356009B3427 /* AppDelegate.h */,
				13635E091AAE8356009B3427 /* AppDelegate.m */,
				13635E0B1AAE8356009B3427 /* ViewController.h */,
				13635E0C1AAE8356009B3427 /* ViewController.m */,
				13635E0E1AAE8356009B3427 /* Main.storyboard */,
				13635E111AAE8356009B3427 /* Images.xcassets */,
				13635E131AAE8356009B3427 /* LaunchScreen.xib */,
				13635E041AAE8356009B3427 /* Supporting Files */,
			);
			path = YouKuSDKDemo;
			sourceTree = "<group>";
		};
		13635E041AAE8356009B3427 /* Supporting Files */ = {
			isa = PBXGroup;
			children = (
				13635E051AAE8356009B3427 /* Info.plist */,
				13635E061AAE8356009B3427 /* main.m */,
			);
			name = "Supporting Files";
			sourceTree = "<group>";
		};
		13635E1D1AAE8356009B3427 /* YouKuSDKDemoTests */ = {
			isa = PBXGroup;
			children = (
				13635E201AAE8356009B3427 /* YouKuSDKDemoTests.m */,
				13635E1E1AAE8356009B3427 /* Supporting Files */,
			);
			path = YouKuSDKDemoTests;
			sourceTree = "<group>";
		};
		13635E1E1AAE8356009B3427 /* Supporting Files */ = {
			isa = PBXGroup;
			children = (
				13635E1F1AAE8356009B3427 /* Info.plist */,
			);
			name = "Supporting Files";
			sourceTree = "<group>";
		};
		13635E2A1AAE8363009B3427 /* SDKSources */ = {
			isa = PBXGroup;
			children = (
				13635E2B1AAE8592009B3427 /* FRYouKuUtils.h */,
				13635E2C1AAE8592009B3427 /* FRYouKuUtils.m */,
				13635E2E1AAE866D009B3427 /* FRVideo.h */,
				13635E2F1AAE866D009B3427 /* FRVideo.m */,
				13635E311AAE8D96009B3427 /* FRUser.h */,
				13635E321AAE8D96009B3427 /* FRUser.m */,
			);
			path = SDKSources;
			sourceTree = "<group>";
		};
/* End PBXGroup section */

/* Begin PBXNativeTarget section */
		13635E001AAE8356009B3427 /* YouKuSDKDemo */ = {
			isa = PBXNativeTarget;
			buildConfigurationList = 13635E241AAE8356009B3427 /* Build configuration list for PBXNativeTarget "YouKuSDKDemo" */;
			buildPhases = (
				13635DFD1AAE8356009B3427 /* Sources */,
				13635DFE1AAE8356009B3427 /* Frameworks */,
				13635DFF1AAE8356009B3427 /* Resources */,
			);
			buildRules = (
			);
			dependencies = (
			);
			name = YouKuSDKDemo;
			productName = YouKuSDKDemo;
			productReference = 13635E011AAE8356009B3427 /* YouKuSDKDemo.app */;
			productType = "com.apple.product-type.application";
		};
		13635E191AAE8356009B3427 /* YouKuSDKDemoTests */ = {
			isa = PBXNativeTarget;
			buildConfigurationList = 13635E271AAE8356009B3427 /* Build configuration list for PBXNativeTarget "YouKuSDKDemoTests" */;
			buildPhases = (
				13635E161AAE8356009B3427 /* Sources */,
				13635E171AAE8356009B3427 /* Frameworks */,
				13635E181AAE8356009B3427 /* Resources */,
			);
			buildRules = (
			);
			dependencies = (
				13635E1C1AAE8356009B3427 /* PBXTargetDependency */,
			);
			name = YouKuSDKDemoTests;
			productName = YouKuSDKDemoTests;
			productReference = 13635E1A1AAE8356009B3427 /* YouKuSDKDemoTests.xctest */;
			productType = "com.apple.product-type.bundle.unit-test";
		};
/* End PBXNativeTarget section */

/* Begin PBXProject section */
		13635DF91AAE8356009B3427 /* Project object */ = {
			isa = PBXProject;
			attributes = {
				CLASSPREFIX = FR;
				LastUpgradeCheck = 0610;
				ORGANIZATIONNAME = Aidian.Tang;
				TargetAttributes = {
					13635E001AAE8356009B3427 = {
						CreatedOnToolsVersion = 6.1.1;
					};
					13635E191AAE8356009B3427 = {
						CreatedOnToolsVersion = 6.1.1;
						TestTargetID = 13635E001AAE8356009B3427;
					};
				};
			};
			buildConfigurationList = 13635DFC1AAE8356009B3427 /* Build configuration list for PBXProject "YouKuSDKDemo" */;
			compatibilityVersion = "Xcode 3.2";
			developmentRegion = English;
			hasScannedForEncodings = 0;
			knownRegions = (
				en,
				Base,
			);
			mainGroup = 13635DF81AAE8356009B3427;
			productRefGroup = 13635E021AAE8356009B3427 /* Products */;
			projectDirPath = "";
			projectRoot = "";
			targets = (
				13635E001AAE8356009B3427 /* YouKuSDKDemo */,
				13635E191AAE8356009B3427 /* YouKuSDKDemoTests */,
			);
		};
/* End PBXProject section */

/* Begin PBXResourcesBuildPhase section */
		13635DFF1AAE8356009B3427 /* Resources */ = {
			isa = PBXResourcesBuildPhase;
			buildActionMask = 2147483647;
			files = (
				13635E101AAE8356009B3427 /* Main.storyboard in Resources */,
				13635E151AAE8356009B3427 /* LaunchScreen.xib in Resources */,
				13635E121AAE8356009B3427 /* Images.xcassets in Resources */,
			);
			runOnlyForDeploymentPostprocessing = 0;
		};
		13635E181AAE8356009B3427 /* Resources */ = {
			isa = PBXResourcesBuildPhase;
			buildActionMask = 2147483647;
			files = (
			);
			runOnlyForDeploymentPostprocessing = 0;
		};
/* End PBXResourcesBuildPhase section */

/* Begin PBXSourcesBuildPhase section */
		13635DFD1AAE8356009B3427 /* Sources */ = {
			isa = PBXSourcesBuildPhase;
			buildActionMask = 2147483647;
			files = (
				13635E0D1AAE8356009B3427 /* ViewController.m in Sources */,
				13635E301AAE866D009B3427 /* FRVideo.m in Sources */,
				13635E0A1AAE8356009B3427 /* AppDelegate.m in Sources */,
				13635E071AAE8356009B3427 /* main.m in Sources */,
				13635E331AAE8D96009B3427 /* FRUser.m in Sources */,
				13635E2D1AAE8592009B3427 /* FRYouKuUtils.m in Sources */,
			);
			runOnlyForDeploymentPostprocessing = 0;
		};
		13635E161AAE8356009B3427 /* Sources */ = {
			isa = PBXSourcesBuildPhase;
			buildActionMask = 2147483647;
			files = (
				13635E211AAE8356009B3427 /* YouKuSDKDemoTests.m in Sources */,
			);
			runOnlyForDeploymentPostprocessing = 0;
		};
/* End PBXSourcesBuildPhase section */

/* Begin PBXTargetDependency section */
		13635E1C1AAE8356009B3427 /* PBXTargetDependency */ = {
			isa = PBXTargetDependency;
			target = 13635E001AAE8356009B3427 /* YouKuSDKDemo */;
			targetProxy = 13635E1B1AAE8356009B3427 /* PBXContainerItemProxy */;
		};
/* End PBXTargetDependency section */

/* Begin PBXVariantGroup section */
		13635E0E1AAE8356009B3427 /* Main.storyboard */ = {
			isa = PBXVariantGroup;
			children = (
				13635E0F1AAE8356009B3427 /* Base */,
			);
			name = Main.storyboard;
			sourceTree = "<group>";
		};
		13635E131AAE8356009B3427 /* LaunchScreen.xib */ = {
			isa = PBXVariantGroup;
			children = (
				13635E141AAE8356009B3427 /* Base */,
			);
			name = LaunchScreen.xib;
			sourceTree = "<group>";
		};
/* End PBXVariantGroup section */

/* Begin XCBuildConfiguration section */
		13635E221AAE8356009B3427 /* Debug */ = {
			isa = XCBuildConfiguration;
			buildSettings = {
				ALWAYS_SEARCH_USER_PATHS = NO;
				CLANG_CXX_LANGUAGE_STANDARD = "gnu++0x";
				CLANG_CXX_LIBRARY = "libc++";
				CLANG_ENABLE_MODULES = YES;
				CLANG_ENABLE_OBJC_ARC = YES;
				CLANG_WARN_BOOL_CONVERSION = YES;
				CLANG_WARN_CONSTANT_CONVERSION = YES;
				CLANG_WARN_DIRECT_OBJC_ISA_USAGE = YES_ERROR;
				CLANG_WARN_EMPTY_BODY = YES;
				CLANG_WARN_ENUM_CONVERSION = YES;
				CLANG_WARN_INT_CONVERSION = YES;
				CLANG_WARN_OBJC_ROOT_CLASS = YES_ERROR;
				CLANG_WARN_UNREACHABLE_CODE = YES;
				CLANG_WARN__DUPLICATE_METHOD_MATCH = YES;
				"CODE_SIGN_IDENTITY[sdk=iphoneos*]" = "iPhone Developer";
				COPY_PHASE_STRIP = NO;
				ENABLE_STRICT_OBJC_MSGSEND = YES;
				GCC_C_LANGUAGE_STANDARD = gnu99;
				GCC_DYNAMIC_NO_PIC = NO;
				GCC_OPTIMIZATION_LEVEL = 0;
				GCC_PREPROCESSOR_DEFINITIONS = (
					"DEBUG=1",
					"$(inherited)",
				);
				GCC_SYMBOLS_PRIVATE_EXTERN = NO;
				GCC_WARN_64_TO_32_BIT_CONVERSION = YES;
				GCC_WARN_ABOUT_RETURN_TYPE = YES_ERROR;
				GCC_WARN_UNDECLARED_SELECTOR = YES;
				GCC_WARN_UNINITIALIZED_AUTOS = YES_AGGRESSIVE;
				GCC_WARN_UNUSED_FUNCTION = YES;
				GCC_WARN_UNUSED_VARIABLE = YES;
				IPHONEOS_DEPLOYMENT_TARGET = 8.1;
				MTL_ENABLE_DEBUG_INFO = YES;
				ONLY_ACTIVE_ARCH = YES;
				SDKROOT = iphoneos;
				TARGETED_DEVICE_FAMILY = "1,2";
			};
			name = Debug;
		};
		13635E231AAE8356009B3427 /* Release */ = {
			isa = XCBuildConfiguration;
			buildSettings = {
				ALWAYS_SEARCH_USER_PATHS = NO;
				CLANG_CXX_LANGUAGE_STANDARD = "gnu++0x";
				CLANG_CXX_LIBRARY = "libc++";
				CLANG_ENABLE_MODULES = YES;
				CLANG_ENABLE_OBJC_ARC = YES;
				CLANG_WARN_BOOL_CONVERSION = YES;
				CLANG_WARN_CONSTANT_CONVERSION = YES;
				CLANG_WARN_DIRECT_OBJC_ISA_USAGE = YES_ERROR;
				CLANG_WARN_EMPTY_BODY = YES;
				CLANG_WARN_ENUM_CONVERSION = YES;
				CLANG_WARN_INT_CONVERSION = YES;
				CLANG_WARN_OBJC_ROOT_CLASS = YES_ERROR;
				CLANG_WARN_UNREACHABLE_CODE = YES;
				CLANG_WARN__DUPLICATE_METHOD_MATCH = YES;
				"CODE_SIGN_IDENTITY[sdk=iphoneos*]" = "iPhone Developer";
				COPY_PHASE_STRIP = YES;
				ENABLE_NS_ASSERTIONS = NO;
				ENABLE_STRICT_OBJC_MSGSEND = YES;
				GCC_C_LANGUAGE_STANDARD = gnu99;
				GCC_WARN_64_TO_32_BIT_CONVERSION = YES;
				GCC_WARN_ABOUT_RETURN_TYPE = YES_ERROR;
				GCC_WARN_UNDECLARED_SELECTOR = YES;
				GCC_WARN_UNINITIALIZED_AUTOS = YES_AGGRESSIVE;
				GCC_WARN_UNUSED_FUNCTION = YES;
				GCC_WARN_UNUSED_VARIABLE = YES;
				IPHONEOS_DEPLOYMENT_TARGET = 8.1;
				MTL_ENABLE_DEBUG_INFO = NO;
				SDKROOT = iphoneos;
				TARGETED_DEVICE_FAMILY = "1,2";
				VALIDATE_PRODUCT = YES;
			};
			name = Release;
		};
		13635E251AAE8356009B3427 /* Debug */ = {
			isa = XCBuildConfiguration;
			buildSettings = {
				ASSETCATALOG_COMPILER_APPICON_NAME = AppIcon;
				INFOPLIST_FILE = YouKuSDKDemo/Info.plist;
				LD_RUNPATH_SEARCH_PATHS = "$(inherited) @executable_path/Frameworks";
				PRODUCT_NAME = "$(TARGET_NAME)";
			};
			name = Debug;
		};
		13635E261AAE8356009B3427 /* Release */ = {
			isa = XCBuildConfiguration;
			buildSettings = {
				ASSETCATALOG_COMPILER_APPICON_NAME = AppIcon;
				INFOPLIST_FILE = YouKuSDKDemo/Info.plist;
				LD_RUNPATH_SEARCH_PATHS = "$(inherited) @executable_path/Frameworks";
				PRODUCT_NAME = "$(TARGET_NAME)";
			};
			name = Release;
		};
		13635E281AAE8356009B3427 /* Debug */ = {
			isa = XCBuildConfiguration;
			buildSettings = {
				BUNDLE_LOADER = "$(TEST_HOST)";
				FRAMEWORK_SEARCH_PATHS = (
					"$(SDKROOT)/Developer/Library/Frameworks",
					"$(inherited)",
				);
				GCC_PREPROCESSOR_DEFINITIONS = (
					"DEBUG=1",
					"$(inherited)",
				);
				INFOPLIST_FILE = YouKuSDKDemoTests/Info.plist;
				LD_RUNPATH_SEARCH_PATHS = "$(inherited) @executable_path/Frameworks @loader_path/Frameworks";
				PRODUCT_NAME = "$(TARGET_NAME)";
				TEST_HOST = "$(BUILT_PRODUCTS_DIR)/YouKuSDKDemo.app/YouKuSDKDemo";
			};
			name = Debug;
		};
		13635E291AAE8356009B3427 /* Release */ = {
			isa = XCBuildConfiguration;
			buildSettings = {
				BUNDLE_LOADER = "$(TEST_HOST)";
				FRAMEWORK_SEARCH_PATHS = (
					"$(SDKROOT)/Developer/Library/Frameworks",
					"$(inherited)",
				);
				INFOPLIST_FILE = YouKuSDKDemoTests/Info.plist;
				LD_RUNPATH_SEARCH_PATHS = "$(inherited) @executable_path/Frameworks @loader_path/Frameworks";
				PRODUCT_NAME = "$(TARGET_NAME)";
				TEST_HOST = "$(BUILT_PRODUCTS_DIR)/YouKuSDKDemo.app/YouKuSDKDemo";
			};
			name = Release;
		};
/* End XCBuildConfiguration section */

/* Begin XCConfigurationList section */
		13635DFC1AAE8356009B3427 /* Build configuration list for PBXProject "YouKuSDKDemo" */ = {
			isa = XCConfigurationList;
			buildConfigurations = (
				13635E221AAE8356009B3427 /* Debug */,
				13635E231AAE8356009B3427 /* Release */,
			);
			defaultConfigurationIsVisible = 0;
			defaultConfigurationName = Release;
		};
		13635E241AAE8356009B3427 /* Build configuration list for PBXNativeTarget "YouKuSDKDemo" */ = {
			isa = XCConfigurationList;
			buildConfigurations = (
				13635E251AAE8356009B3427 /* Debug */,
				13635E261AAE8356009B3427 /* Release */,
			);
			defaultConfigurationIsVisible = 0;
		};
		13635E271AAE8356009B3427 /* Build configuration list for PBXNativeTarget "YouKuSDKDemoTests" */ = {
			isa = XCConfigurationList;
			buildConfigurations = (
				13635E281AAE8356009B3427 /* Debug */,
				13635E291AAE8356009B3427 /* Release */,
			);
			defaultConfigurationIsVisible = 0;
		};
/* End XCConfigurationList section */
	};
	rootObject = 13635DF91AAE8356009B3427 /* Project object */;
}
