// !$*UTF8*$!
{
	archiveVersion = 1;
	classes = {
	};
	objectVersion = 46;
	objects = {

/* Begin PBXBuildFile section */
		131475FE1AB02A8C008B3645 /* AFHTTPClient.m in Sources */ = {isa = PBXBuildFile; fileRef = 131475EC1AB02A8C008B3645 /* AFHTTPClient.m */; };
		131475FF1AB02A8C008B3645 /* AFHTTPRequestOperation.m in Sources */ = {isa = PBXBuildFile; fileRef = 131475EE1AB02A8C008B3645 /* AFHTTPRequestOperation.m */; };
		131476001AB02A8C008B3645 /* AFImageRequestOperation.m in Sources */ = {isa = PBXBuildFile; fileRef = 131475F01AB02A8C008B3645 /* AFImageRequestOperation.m */; };
		131476011AB02A8C008B3645 /* AFJSONRequestOperation.m in Sources */ = {isa = PBXBuildFile; fileRef = 131475F21AB02A8C008B3645 /* AFJSONRequestOperation.m */; };
		131476021AB02A8C008B3645 /* AFNetworkActivityIndicatorManager.m in Sources */ = {isa = PBXBuildFile; fileRef = 131475F41AB02A8C008B3645 /* AFNetworkActivityIndicatorManager.m */; };
		131476031AB02A8C008B3645 /* AFPropertyListRequestOperation.m in Sources */ = {isa = PBXBuildFile; fileRef = 131475F71AB02A8C008B3645 /* AFPropertyListRequestOperation.m */; };
		131476041AB02A8C008B3645 /* AFURLConnectionOperation.m in Sources */ = {isa = PBXBuildFile; fileRef = 131475F91AB02A8C008B3645 /* AFURLConnectionOperation.m */; };
		131476051AB02A8C008B3645 /* AFXMLRequestOperation.m in Sources */ = {isa = PBXBuildFile; fileRef = 131475FB1AB02A8C008B3645 /* AFXMLRequestOperation.m */; };
		131476061AB02A8C008B3645 /* UIImageView+AFNetworking.m in Sources */ = {isa = PBXBuildFile; fileRef = 131475FD1AB02A8C008B3645 /* UIImageView+AFNetworking.m */; };
		131476081AB02ACD008B3645 /* SystemConfiguration.framework in Frameworks */ = {isa = PBXBuildFile; fileRef = 131476071AB02ACD008B3645 /* SystemConfiguration.framework */; };
		1314760A1AB02AD4008B3645 /* MobileCoreServices.framework in Frameworks */ = {isa = PBXBuildFile; fileRef = 131476091AB02AD4008B3645 /* MobileCoreServices.framework */; };
		1314766E1AB046B0008B3645 /* MJConst.m in Sources */ = {isa = PBXBuildFile; fileRef = 131476601AB046B0008B3645 /* MJConst.m */; };
		1314766F1AB046B0008B3645 /* MJFoundation.m in Sources */ = {isa = PBXBuildFile; fileRef = 131476631AB046B0008B3645 /* MJFoundation.m */; };
		131476701AB046B0008B3645 /* MJIvar.m in Sources */ = {isa = PBXBuildFile; fileRef = 131476651AB046B0008B3645 /* MJIvar.m */; };
		131476711AB046B0008B3645 /* MJType.m in Sources */ = {isa = PBXBuildFile; fileRef = 131476671AB046B0008B3645 /* MJType.m */; };
		131476721AB046B0008B3645 /* NSObject+MJCoding.m in Sources */ = {isa = PBXBuildFile; fileRef = 131476691AB046B0008B3645 /* NSObject+MJCoding.m */; };
		131476731AB046B0008B3645 /* NSObject+MJIvar.m in Sources */ = {isa = PBXBuildFile; fileRef = 1314766B1AB046B0008B3645 /* NSObject+MJIvar.m */; };
		131476741AB046B0008B3645 /* NSObject+MJKeyValue.m in Sources */ = {isa = PBXBuildFile; fileRef = 1314766D1AB046B0008B3645 /* NSObject+MJKeyValue.m */; };
		13635E071AAE8356009B3427 /* main.m in Sources */ = {isa = PBXBuildFile; fileRef = 13635E061AAE8356009B3427 /* main.m */; };
		13635E0A1AAE8356009B3427 /* AppDelegate.m in Sources */ = {isa = PBXBuildFile; fileRef = 13635E091AAE8356009B3427 /* AppDelegate.m */; };
		13635E0D1AAE8356009B3427 /* ViewController.m in Sources */ = {isa = PBXBuildFile; fileRef = 13635E0C1AAE8356009B3427 /* ViewController.m */; };
		13635E101AAE8356009B3427 /* Main.storyboard in Resources */ = {isa = PBXBuildFile; fileRef = 13635E0E1AAE8356009B3427 /* Main.storyboard */; };
		13635E121AAE8356009B3427 /* Images.xcassets in Resources */ = {isa = PBXBuildFile; fileRef = 13635E111AAE8356009B3427 /* Images.xcassets */; };
		13635E151AAE8356009B3427 /* LaunchScreen.xib in Resources */ = {isa = PBXBuildFile; fileRef = 13635E131AAE8356009B3427 /* LaunchScreen.xib */; };
		13635E211AAE8356009B3427 /* YouKuSDKDemoTests.m in Sources */ = {isa = PBXBuildFile; fileRef = 13635E201AAE8356009B3427 /* YouKuSDKDemoTests.m */; };
		13635E2D1AAE8592009B3427 /* FRYouKuUtils.m in Sources */ = {isa = PBXBuildFile; fileRef = 13635E2C1AAE8592009B3427 /* FRYouKuUtils.m */; };
		13635E301AAE866D009B3427 /* FRVideo.m in Sources */ = {isa = PBXBuildFile; fileRef = 13635E2F1AAE866D009B3427 /* FRVideo.m */; };
		13635E331AAE8D96009B3427 /* FRUser.m in Sources */ = {isa = PBXBuildFile; fileRef = 13635E321AAE8D96009B3427 /* FRUser.m */; };
/* End PBXBuildFile section */

/* Begin PBXContainerItemProxy section */
		13635E1B1AAE8356009B3427 /* PBXContainerItemProxy */ = {
			isa = PBXContainerItemProxy;
			containerPortal = 13635DF91AAE8356009B3427 /* Project object */;
			proxyType = 1;
			remoteGlobalIDString = 13635E001AAE8356009B3427;
			remoteInfo = YouKuSDKDemo;
		};
/* End PBXContainerItemProxy section */

/* Begin PBXFileReference section */
		131475EB1AB02A8C008B3645 /* AFHTTPClient.h */ = {isa = PBXFileReference; fileEncoding = 4; lastKnownFileType = sourcecode.c.h; path = AFHTTPClient.h; sourceTree = "<group>"; };
		131475EC1AB02A8C008B3645 /* AFHTTPClient.m */ = {isa = PBXFileReference; fileEncoding = 4; lastKnownFileType = sourcecode.c.objc; path = AFHTTPClient.m; sourceTree = "<group>"; };
		131475ED1AB02A8C008B3645 /* AFHTTPRequestOperation.h */ = {isa = PBXFileReference; fileEncoding = 4; lastKnownFileType = sourcecode.c.h; path = AFHTTPRequestOperation.h; sourceTree = "<group>"; };
		131475EE1AB02A8C008B3645 /* AFHTTPRequestOperation.m */ = {isa = PBXFileReference; fileEncoding = 4; lastKnownFileType = sourcecode.c.objc; path = AFHTTPRequestOperation.m; sourceTree = "<group>"; };
		131475EF1AB02A8C008B3645 /* AFImageRequestOperation.h */ = {isa = PBXFileReference; fileEncoding = 4; lastKnownFileType = sourcecode.c.h; path = AFImageRequestOperation.h; sourceTree = "<group>"; };
		131475F01AB02A8C008B3645 /* AFImageRequestOperation.m */ = {isa = PBXFileReference; fileEncoding = 4; lastKnownFileType = sourcecode.c.objc; path = AFImageRequestOperation.m; sourceTree = "<group>"; };
		131475F11AB02A8C008B3645 /* AFJSONRequestOperation.h */ = {isa = PBXFileReference; fileEncoding = 4; lastKnownFileType = sourcecode.c.h; path = AFJSONRequestOperation.h; sourceTree = "<group>"; };
		131475F21AB02A8C008B3645 /* AFJSONRequestOperation.m */ = {isa = PBXFileReference; fileEncoding = 4; lastKnownFileType = sourcecode.c.objc; path = AFJSONRequestOperation.m; sourceTree = "<group>"; };
		131475F31AB02A8C008B3645 /* AFNetworkActivityIndicatorManager.h */ = {isa = PBXFileReference; fileEncoding = 4; lastKnownFileType = sourcecode.c.h; path = AFNetworkActivityIndicatorManager.h; sourceTree = "<group>"; };
		131475F41AB02A8C008B3645 /* AFNetworkActivityIndicatorManager.m */ = {isa = PBXFileReference; fileEncoding = 4; lastKnownFileType = sourcecode.c.objc; path = AFNetworkActivityIndicatorManager.m; sourceTree = "<group>"; };
		131475F51AB02A8C008B3645 /* AFNetworking.h */ = {isa = PBXFileReference; fileEncoding = 4; lastKnownFileType = sourcecode.c.h; path = AFNetworking.h; sourceTree = "<group>"; };
		131475F61AB02A8C008B3645 /* AFPropertyListRequestOperation.h */ = {isa = PBXFileReference; fileEncoding = 4; lastKnownFileType = sourcecode.c.h; path = AFPropertyListRequestOperation.h; sourceTree = "<group>"; };
		131475F71AB02A8C008B3645 /* AFPropertyListRequestOperation.m */ = {isa = PBXFileReference; fileEncoding = 4; lastKnownFileType = sourcecode.c.objc; path = AFPropertyListRequestOperation.m; sourceTree = "<group>"; };
		131475F81AB02A8C008B3645 /* AFURLConnectionOperation.h */ = {isa = PBXFileReference; fileEncoding = 4; lastKnownFileType = sourcecode.c.h; path = AFURLConnectionOperation.h; sourceTree = "<group>"; };
		131475F91AB02A8C008B3645 /* AFURLConnectionOperation.m */ = {isa = PBXFileReference; fileEncoding = 4; lastKnownFileType = sourcecode.c.objc; path = AFURLConnectionOperation.m; sourceTree = "<group>"; };
		131475FA1AB02A8C008B3645 /* AFXMLRequestOperation.h */ = {isa = PBXFileReference; fileEncoding = 4; lastKnownFileType = sourcecode.c.h; path = AFXMLRequestOperation.h; sourceTree = "<group>"; };
		131475FB1AB02A8C008B3645 /* AFXMLRequestOperation.m */ = {isa = PBXFileReference; fileEncoding = 4; lastKnownFileType = sourcecode.c.objc; path = AFXMLRequestOperation.m; sourceTree = "<group>"; };
		131475FC1AB02A8C008B3645 /* UIImageView+AFNetworking.h */ = {isa = PBXFileReference; fileEncoding = 4; lastKnownFileType = sourcecode.c.h; path = "UIImageView+AFNetworking.h"; sourceTree = "<group>"; };
		131475FD1AB02A8C008B3645 /* UIImageView+AFNetworking.m */ = {isa = PBXFileReference; fileEncoding = 4; lastKnownFileType = sourcecode.c.objc; path = "UIImageView+AFNetworking.m"; sourceTree = "<group>"; };
		131476071AB02ACD008B3645 /* SystemConfiguration.framework */ = {isa = PBXFileReference; lastKnownFileType = wrapper.framework; name = SystemConfiguration.framework; path = System/Library/Frameworks/SystemConfiguration.framework; sourceTree = SDKROOT; };
		131476091AB02AD4008B3645 /* MobileCoreServices.framework */ = {isa = PBXFileReference; lastKnownFileType = wrapper.framework; name = MobileCoreServices.framework; path = System/Library/Frameworks/MobileCoreServices.framework; sourceTree = SDKROOT; };
		1314760C1AB02C2C008B3645 /* YouKuDemo-Prefix.pch */ = {isa = PBXFileReference; fileEncoding = 4; lastKnownFileType = sourcecode.c.h; path = "YouKuDemo-Prefix.pch"; sourceTree = "<group>"; };
		1314760D1AB02D31008B3645 /* FRYouKuURLStatics.h */ = {isa = PBXFileReference; fileEncoding = 4; lastKnownFileType = sourcecode.c.h; path = FRYouKuURLStatics.h; sourceTree = "<group>"; };
		1314765F1AB046B0008B3645 /* MJConst.h */ = {isa = PBXFileReference; fileEncoding = 4; lastKnownFileType = sourcecode.c.h; path = MJConst.h; sourceTree = "<group>"; };
		131476601AB046B0008B3645 /* MJConst.m */ = {isa = PBXFileReference; fileEncoding = 4; lastKnownFileType = sourcecode.c.objc; path = MJConst.m; sourceTree = "<group>"; };
		131476611AB046B0008B3645 /* MJExtension.h */ = {isa = PBXFileReference; fileEncoding = 4; lastKnownFileType = sourcecode.c.h; path = MJExtension.h; sourceTree = "<group>"; };
		131476621AB046B0008B3645 /* MJFoundation.h */ = {isa = PBXFileReference; fileEncoding = 4; lastKnownFileType = sourcecode.c.h; path = MJFoundation.h; sourceTree = "<group>"; };
		131476631AB046B0008B3645 /* MJFoundation.m */ = {isa = PBXFileReference; fileEncoding = 4; lastKnownFileType = sourcecode.c.objc; path = MJFoundation.m; sourceTree = "<group>"; };
		131476641AB046B0008B3645 /* MJIvar.h */ = {isa = PBXFileReference; fileEncoding = 4; lastKnownFileType = sourcecode.c.h; path = MJIvar.h; sourceTree = "<group>"; };
		131476651AB046B0008B3645 /* MJIvar.m */ = {isa = PBXFileReference; fileEncoding = 4; lastKnownFileType = sourcecode.c.objc; path = MJIvar.m; sourceTree = "<group>"; };
		131476661AB046B0008B3645 /* MJType.h */ = {isa = PBXFileReference; fileEncoding = 4; lastKnownFileType = sourcecode.c.h; path = MJType.h; sourceTree = "<group>"; };
		131476671AB046B0008B3645 /* MJType.m */ = {isa = PBXFileReference; fileEncoding = 4; lastKnownFileType = sourcecode.c.objc; path = MJType.m; sourceTree = "<group>"; };
		131476681AB046B0008B3645 /* NSObject+MJCoding.h */ = {isa = PBXFileReference; fileEncoding = 4; lastKnownFileType = sourcecode.c.h; path = "NSObject+MJCoding.h"; sourceTree = "<group>"; };
		131476691AB046B0008B3645 /* NSObject+MJCoding.m */ = {isa = PBXFileReference; fileEncoding = 4; lastKnownFileType = sourcecode.c.objc; path = "NSObject+MJCoding.m"; sourceTree = "<group>"; };
		1314766A1AB046B0008B3645 /* NSObject+MJIvar.h */ = {isa = PBXFileReference; fileEncoding = 4; lastKnownFileType = sourcecode.c.h; path = "NSObject+MJIvar.h"; sourceTree = "<group>"; };
		1314766B1AB046B0008B3645 /* NSObject+MJIvar.m */ = {isa = PBXFileReference; fileEncoding = 4; lastKnownFileType = sourcecode.c.objc; path = "NSObject+MJIvar.m"; sourceTree = "<group>"; };
		1314766C1AB046B0008B3645 /* NSObject+MJKeyValue.h */ = {isa = PBXFileReference; fileEncoding = 4; lastKnownFileType = sourcecode.c.h; path = "NSObject+MJKeyValue.h"; sourceTree = "<group>"; };
		1314766D1AB046B0008B3645 /* NSObject+MJKeyValue.m */ = {isa = PBXFileReference; fileEncoding = 4; lastKnownFileType = sourcecode.c.objc; path = "NSObject+MJKeyValue.m"; sourceTree = "<group>"; };
		13635E011AAE8356009B3427 /* YouKuSDKDemo.app */ = {isa = PBXFileReference; explicitFileType = wrapper.application; includeInIndex = 0; path = YouKuSDKDemo.app; sourceTree = BUILT_PRODUCTS_DIR; };
		13635E051AAE8356009B3427 /* Info.plist */ = {isa = PBXFileReference; lastKnownFileType = text.plist.xml; path = Info.plist; sourceTree = "<group>"; };
		13635E061AAE8356009B3427 /* main.m */ = {isa = PBXFileReference; lastKnownFileType = sourcecode.c.objc; path = main.m; sourceTree = "<group>"; };
		13635E081AAE8356009B3427 /* AppDelegate.h */ = {isa = PBXFileReference; lastKnownFileType = sourcecode.c.h; path = AppDelegate.h; sourceTree = "<group>"; };
		13635E091AAE8356009B3427 /* AppDelegate.m */ = {isa = PBXFileReference; lastKnownFileType = sourcecode.c.objc; path = AppDelegate.m; sourceTree = "<group>"; };
		13635E0B1AAE8356009B3427 /* ViewController.h */ = {isa = PBXFileReference; lastKnownFileType = sourcecode.c.h; path = ViewController.h; sourceTree = "<group>"; };
		13635E0C1AAE8356009B3427 /* ViewController.m */ = {isa = PBXFileReference; lastKnownFileType = sourcecode.c.objc; path = ViewController.m; sourceTree = "<group>"; };
		13635E0F1AAE8356009B3427 /* Base */ = {isa = PBXFileReference; lastKnownFileType = file.storyboard; name = Base; path = Base.lproj/Main.storyboard; sourceTree = "<group>"; };
		13635E111AAE8356009B3427 /* Images.xcassets */ = {isa = PBXFileReference; lastKnownFileType = folder.assetcatalog; path = Images.xcassets; sourceTree = "<group>"; };
		13635E141AAE8356009B3427 /* Base */ = {isa = PBXFileReference; lastKnownFileType = file.xib; name = Base; path = Base.lproj/LaunchScreen.xib; sourceTree = "<group>"; };
		13635E1A1AAE8356009B3427 /* YouKuSDKDemoTests.xctest */ = {isa = PBXFileReference; explicitFileType = wrapper.cfbundle; includeInIndex = 0; path = YouKuSDKDemoTests.xctest; sourceTree = BUILT_PRODUCTS_DIR; };
		13635E1F1AAE8356009B3427 /* Info.plist */ = {isa = PBXFileReference; lastKnownFileType = text.plist.xml; path = Info.plist; sourceTree = "<group>"; };
		13635E201AAE8356009B3427 /* YouKuSDKDemoTests.m */ = {isa = PBXFileReference; lastKnownFileType = sourcecode.c.objc; path = YouKuSDKDemoTests.m; sourceTree = "<group>"; };
		13635E2B1AAE8592009B3427 /* FRYouKuUtils.h */ = {isa = PBXFileReference; fileEncoding = 4; lastKnownFileType = sourcecode.c.h; path = FRYouKuUtils.h; sourceTree = "<group>"; };
		13635E2C1AAE8592009B3427 /* FRYouKuUtils.m */ = {isa = PBXFileReference; fileEncoding = 4; lastKnownFileType = sourcecode.c.objc; path = FRYouKuUtils.m; sourceTree = "<group>"; };
		13635E2E1AAE866D009B3427 /* FRVideo.h */ = {isa = PBXFileReference; fileEncoding = 4; lastKnownFileType = sourcecode.c.h; path = FRVideo.h; sourceTree = "<group>"; };
		13635E2F1AAE866D009B3427 /* FRVideo.m */ = {isa = PBXFileReference; fileEncoding = 4; lastKnownFileType = sourcecode.c.objc; path = FRVideo.m; sourceTree = "<group>"; };
		13635E311AAE8D96009B3427 /* FRUser.h */ = {isa = PBXFileReference; fileEncoding = 4; lastKnownFileType = sourcecode.c.h; path = FRUser.h; sourceTree = "<group>"; };
		13635E321AAE8D96009B3427 /* FRUser.m */ = {isa = PBXFileReference; fileEncoding = 4; lastKnownFileType = sourcecode.c.objc; path = FRUser.m; sourceTree = "<group>"; };
/* End PBXFileReference section */

/* Begin PBXFrameworksBuildPhase section */
		13635DFE1AAE8356009B3427 /* Frameworks */ = {
			isa = PBXFrameworksBuildPhase;
			buildActionMask = 2147483647;
			files = (
				1314760A1AB02AD4008B3645 /* MobileCoreServices.framework in Frameworks */,
				131476081AB02ACD008B3645 /* SystemConfiguration.framework in Frameworks */,
			);
			runOnlyForDeploymentPostprocessing = 0;
		};
		13635E171AAE8356009B3427 /* Frameworks */ = {
			isa = PBXFrameworksBuildPhase;
			buildActionMask = 2147483647;
			files = (
			);
			runOnlyForDeploymentPostprocessing = 0;
		};
/* End PBXFrameworksBuildPhase section */

/* Begin PBXGroup section */
		131475E81AB02A8C008B3645 /* Frameworks */ = {
			isa = PBXGroup;
			children = (
				131476071AB02ACD008B3645 /* SystemConfiguration.framework */,
				131476091AB02AD4008B3645 /* MobileCoreServices.framework */,
				131475E91AB02A8C008B3645 /* ThirdFrameworks */,
			);
			path = Frameworks;
			sourceTree = "<group>";
		};
		131475E91AB02A8C008B3645 /* ThirdFrameworks */ = {
			isa = PBXGroup;
			children = (
				1314765E1AB046B0008B3645 /* MJExtension */,
				131475EA1AB02A8C008B3645 /* AFNetworking1.3.4 */,
			);
			path = ThirdFrameworks;
			sourceTree = "<group>";
		};
		131475EA1AB02A8C008B3645 /* AFNetworking1.3.4 */ = {
			isa = PBXGroup;
			children = (
				131475EB1AB02A8C008B3645 /* AFHTTPClient.h */,
				131475EC1AB02A8C008B3645 /* AFHTTPClient.m */,
				131475ED1AB02A8C008B3645 /* AFHTTPRequestOperation.h */,
				131475EE1AB02A8C008B3645 /* AFHTTPRequestOperation.m */,
				131475EF1AB02A8C008B3645 /* AFImageRequestOperation.h */,
				131475F01AB02A8C008B3645 /* AFImageRequestOperation.m */,
				131475F11AB02A8C008B3645 /* AFJSONRequestOperation.h */,
				131475F21AB02A8C008B3645 /* AFJSONRequestOperation.m */,
				131475F31AB02A8C008B3645 /* AFNetworkActivityIndicatorManager.h */,
				131475F41AB02A8C008B3645 /* AFNetworkActivityIndicatorManager.m */,
				131475F51AB02A8C008B3645 /* AFNetworking.h */,
				131475F61AB02A8C008B3645 /* AFPropertyListRequestOperation.h */,
				131475F71AB02A8C008B3645 /* AFPropertyListRequestOperation.m */,
				131475F81AB02A8C008B3645 /* AFURLConnectionOperation.h */,
				131475F91AB02A8C008B3645 /* AFURLConnectionOperation.m */,
				131475FA1AB02A8C008B3645 /* AFXMLRequestOperation.h */,
				131475FB1AB02A8C008B3645 /* AFXMLRequestOperation.m */,
				131475FC1AB02A8C008B3645 /* UIImageView+AFNetworking.h */,
				131475FD1AB02A8C008B3645 /* UIImageView+AFNetworking.m */,
			);
			path = AFNetworking1.3.4;
			sourceTree = "<group>";
		};
		1314765E1AB046B0008B3645 /* MJExtension */ = {
			isa = PBXGroup;
			children = (
				1314765F1AB046B0008B3645 /* MJConst.h */,
				131476601AB046B0008B3645 /* MJConst.m */,
				131476611AB046B0008B3645 /* MJExtension.h */,
				131476621AB046B0008B3645 /* MJFoundation.h */,
				131476631AB046B0008B3645 /* MJFoundation.m */,
				131476641AB046B0008B3645 /* MJIvar.h */,
				131476651AB046B0008B3645 /* MJIvar.m */,
				131476661AB046B0008B3645 /* MJType.h */,
				131476671AB046B0008B3645 /* MJType.m */,
				131476681AB046B0008B3645 /* NSObject+MJCoding.h */,
				131476691AB046B0008B3645 /* NSObject+MJCoding.m */,
				1314766A1AB046B0008B3645 /* NSObject+MJIvar.h */,
				1314766B1AB046B0008B3645 /* NSObject+MJIvar.m */,
				1314766C1AB046B0008B3645 /* NSObject+MJKeyValue.h */,
				1314766D1AB046B0008B3645 /* NSObject+MJKeyValue.m */,
			);
			path = MJExtension;
			sourceTree = "<group>";
		};
		13635DF81AAE8356009B3427 = {
			isa = PBXGroup;
			children = (
				13635E031AAE8356009B3427 /* YouKuSDKDemo */,
				13635E1D1AAE8356009B3427 /* YouKuSDKDemoTests */,
				13635E021AAE8356009B3427 /* Products */,
			);
			sourceTree = "<group>";
		};
		13635E021AAE8356009B3427 /* Products */ = {
			isa = PBXGroup;
			children = (
				13635E011AAE8356009B3427 /* YouKuSDKDemo.app */,
				13635E1A1AAE8356009B3427 /* YouKuSDKDemoTests.xctest */,
			);
			name = Products;
			sourceTree = "<group>";
		};
		13635E031AAE8356009B3427 /* YouKuSDKDemo */ = {
			isa = PBXGroup;
			children = (
				13635E2A1AAE8363009B3427 /* SDKSources */,
				13635E081AAE8356009B3427 /* AppDelegate.h */,
				13635E091AAE8356009B3427 /* AppDelegate.m */,
				13635E0B1AAE8356009B3427 /* ViewController.h */,
				13635E0C1AAE8356009B3427 /* ViewController.m */,
				13635E0E1AAE8356009B3427 /* Main.storyboard */,
				13635E111AAE8356009B3427 /* Images.xcassets */,
				13635E131AAE8356009B3427 /* LaunchScreen.xib */,
				131475E81AB02A8C008B3645 /* Frameworks */,
				13635E041AAE8356009B3427 /* Supporting Files */,
			);
			path = YouKuSDKDemo;
			sourceTree = "<group>";
		};
		13635E041AAE8356009B3427 /* Supporting Files */ = {
			isa = PBXGroup;
			children = (
				1314760C1AB02C2C008B3645 /* YouKuDemo-Prefix.pch */,
				13635E051AAE8356009B3427 /* Info.plist */,
				13635E061AAE8356009B3427 /* main.m */,
			);
			name = "Supporting Files";
			sourceTree = "<group>";
		};
		13635E1D1AAE8356009B3427 /* YouKuSDKDemoTests */ = {
			isa = PBXGroup;
			children = (
				13635E201AAE8356009B3427 /* YouKuSDKDemoTests.m */,
				13635E1E1AAE8356009B3427 /* Supporting Files */,
			);
			path = YouKuSDKDemoTests;
			sourceTree = "<group>";
		};
		13635E1E1AAE8356009B3427 /* Supporting Files */ = {
			isa = PBXGroup;
			children = (
				13635E1F1AAE8356009B3427 /* Info.plist */,
			);
			name = "Supporting Files";
			sourceTree = "<group>";
		};
		13635E2A1AAE8363009B3427 /* SDKSources */ = {
			isa = PBXGroup;
			children = (
				1314760D1AB02D31008B3645 /* FRYouKuURLStatics.h */,
				13635E2B1AAE8592009B3427 /* FRYouKuUtils.h */,
				13635E2C1AAE8592009B3427 /* FRYouKuUtils.m */,
				13635E2E1AAE866D009B3427 /* FRVideo.h */,
				13635E2F1AAE866D009B3427 /* FRVideo.m */,
				13635E311AAE8D96009B3427 /* FRUser.h */,
				13635E321AAE8D96009B3427 /* FRUser.m */,
			);
			path = SDKSources;
			sourceTree = "<group>";
		};
/* End PBXGroup section */

/* Begin PBXNativeTarget section */
		13635E001AAE8356009B3427 /* YouKuSDKDemo */ = {
			isa = PBXNativeTarget;
			buildConfigurationList = 13635E241AAE8356009B3427 /* Build configuration list for PBXNativeTarget "YouKuSDKDemo" */;
			buildPhases = (
				13635DFD1AAE8356009B3427 /* Sources */,
				13635DFE1AAE8356009B3427 /* Frameworks */,
				13635DFF1AAE8356009B3427 /* Resources */,
			);
			buildRules = (
			);
			dependencies = (
			);
			name = YouKuSDKDemo;
			productName = YouKuSDKDemo;
			productReference = 13635E011AAE8356009B3427 /* YouKuSDKDemo.app */;
			productType = "com.apple.product-type.application";
		};
		13635E191AAE8356009B3427 /* YouKuSDKDemoTests */ = {
			isa = PBXNativeTarget;
			buildConfigurationList = 13635E271AAE8356009B3427 /* Build configuration list for PBXNativeTarget "YouKuSDKDemoTests" */;
			buildPhases = (
				13635E161AAE8356009B3427 /* Sources */,
				13635E171AAE8356009B3427 /* Frameworks */,
				13635E181AAE8356009B3427 /* Resources */,
			);
			buildRules = (
			);
			dependencies = (
				13635E1C1AAE8356009B3427 /* PBXTargetDependency */,
			);
			name = YouKuSDKDemoTests;
			productName = YouKuSDKDemoTests;
			productReference = 13635E1A1AAE8356009B3427 /* YouKuSDKDemoTests.xctest */;
			productType = "com.apple.product-type.bundle.unit-test";
		};
/* End PBXNativeTarget section */

/* Begin PBXProject section */
		13635DF91AAE8356009B3427 /* Project object */ = {
			isa = PBXProject;
			attributes = {
				CLASSPREFIX = FR;
				LastUpgradeCheck = 0610;
				ORGANIZATIONNAME = Aidian.Tang;
				TargetAttributes = {
					13635E001AAE8356009B3427 = {
						CreatedOnToolsVersion = 6.1.1;
					};
					13635E191AAE8356009B3427 = {
						CreatedOnToolsVersion = 6.1.1;
						TestTargetID = 13635E001AAE8356009B3427;
					};
				};
			};
			buildConfigurationList = 13635DFC1AAE8356009B3427 /* Build configuration list for PBXProject "YouKuSDKDemo" */;
			compatibilityVersion = "Xcode 3.2";
			developmentRegion = English;
			hasScannedForEncodings = 0;
			knownRegions = (
				en,
				Base,
			);
			mainGroup = 13635DF81AAE8356009B3427;
			productRefGroup = 13635E021AAE8356009B3427 /* Products */;
			projectDirPath = "";
			projectRoot = "";
			targets = (
				13635E001AAE8356009B3427 /* YouKuSDKDemo */,
				13635E191AAE8356009B3427 /* YouKuSDKDemoTests */,
			);
		};
/* End PBXProject section */

/* Begin PBXResourcesBuildPhase section */
		13635DFF1AAE8356009B3427 /* Resources */ = {
			isa = PBXResourcesBuildPhase;
			buildActionMask = 2147483647;
			files = (
				13635E101AAE8356009B3427 /* Main.storyboard in Resources */,
				13635E151AAE8356009B3427 /* LaunchScreen.xib in Resources */,
				13635E121AAE8356009B3427 /* Images.xcassets in Resources */,
			);
			runOnlyForDeploymentPostprocessing = 0;
		};
		13635E181AAE8356009B3427 /* Resources */ = {
			isa = PBXResourcesBuildPhase;
			buildActionMask = 2147483647;
			files = (
			);
			runOnlyForDeploymentPostprocessing = 0;
		};
/* End PBXResourcesBuildPhase section */

/* Begin PBXSourcesBuildPhase section */
		13635DFD1AAE8356009B3427 /* Sources */ = {
			isa = PBXSourcesBuildPhase;
			buildActionMask = 2147483647;
			files = (
				131476701AB046B0008B3645 /* MJIvar.m in Sources */,
				131476041AB02A8C008B3645 /* AFURLConnectionOperation.m in Sources */,
				131476061AB02A8C008B3645 /* UIImageView+AFNetworking.m in Sources */,
				1314766E1AB046B0008B3645 /* MJConst.m in Sources */,
				131476741AB046B0008B3645 /* NSObject+MJKeyValue.m in Sources */,
				131476721AB046B0008B3645 /* NSObject+MJCoding.m in Sources */,
				13635E0D1AAE8356009B3427 /* ViewController.m in Sources */,
				13635E301AAE866D009B3427 /* FRVideo.m in Sources */,
				131476031AB02A8C008B3645 /* AFPropertyListRequestOperation.m in Sources */,
				13635E0A1AAE8356009B3427 /* AppDelegate.m in Sources */,
				13635E071AAE8356009B3427 /* main.m in Sources */,
				131476051AB02A8C008B3645 /* AFXMLRequestOperation.m in Sources */,
				131476021AB02A8C008B3645 /* AFNetworkActivityIndicatorManager.m in Sources */,
				131475FF1AB02A8C008B3645 /* AFHTTPRequestOperation.m in Sources */,
				13635E331AAE8D96009B3427 /* FRUser.m in Sources */,
				131476001AB02A8C008B3645 /* AFImageRequestOperation.m in Sources */,
				131476711AB046B0008B3645 /* MJType.m in Sources */,
				131475FE1AB02A8C008B3645 /* AFHTTPClient.m in Sources */,
				131476731AB046B0008B3645 /* NSObject+MJIvar.m in Sources */,
				131476011AB02A8C008B3645 /* AFJSONRequestOperation.m in Sources */,
				13635E2D1AAE8592009B3427 /* FRYouKuUtils.m in Sources */,
				1314766F1AB046B0008B3645 /* MJFoundation.m in Sources */,
			);
			runOnlyForDeploymentPostprocessing = 0;
		};
		13635E161AAE8356009B3427 /* Sources */ = {
			isa = PBXSourcesBuildPhase;
			buildActionMask = 2147483647;
			files = (
				13635E211AAE8356009B3427 /* YouKuSDKDemoTests.m in Sources */,
			);
			runOnlyForDeploymentPostprocessing = 0;
		};
/* End PBXSourcesBuildPhase section */

/* Begin PBXTargetDependency section */
		13635E1C1AAE8356009B3427 /* PBXTargetDependency */ = {
			isa = PBXTargetDependency;
			target = 13635E001AAE8356009B3427 /* YouKuSDKDemo */;
			targetProxy = 13635E1B1AAE8356009B3427 /* PBXContainerItemProxy */;
		};
/* End PBXTargetDependency section */

/* Begin PBXVariantGroup section */
		13635E0E1AAE8356009B3427 /* Main.storyboard */ = {
			isa = PBXVariantGroup;
			children = (
				13635E0F1AAE8356009B3427 /* Base */,
			);
			name = Main.storyboard;
			sourceTree = "<group>";
		};
		13635E131AAE8356009B3427 /* LaunchScreen.xib */ = {
			isa = PBXVariantGroup;
			children = (
				13635E141AAE8356009B3427 /* Base */,
			);
			name = LaunchScreen.xib;
			sourceTree = "<group>";
		};
/* End PBXVariantGroup section */

/* Begin XCBuildConfiguration section */
		13635E221AAE8356009B3427 /* Debug */ = {
			isa = XCBuildConfiguration;
			buildSettings = {
				ALWAYS_SEARCH_USER_PATHS = NO;
				CLANG_CXX_LANGUAGE_STANDARD = "gnu++0x";
				CLANG_CXX_LIBRARY = "libc++";
				CLANG_ENABLE_MODULES = YES;
				CLANG_ENABLE_OBJC_ARC = YES;
				CLANG_WARN_BOOL_CONVERSION = YES;
				CLANG_WARN_CONSTANT_CONVERSION = YES;
				CLANG_WARN_DIRECT_OBJC_ISA_USAGE = YES_ERROR;
				CLANG_WARN_EMPTY_BODY = YES;
				CLANG_WARN_ENUM_CONVERSION = YES;
				CLANG_WARN_INT_CONVERSION = YES;
				CLANG_WARN_OBJC_ROOT_CLASS = YES_ERROR;
				CLANG_WARN_UNREACHABLE_CODE = YES;
				CLANG_WARN__DUPLICATE_METHOD_MATCH = YES;
				"CODE_SIGN_IDENTITY[sdk=iphoneos*]" = "iPhone Developer";
				COPY_PHASE_STRIP = NO;
				ENABLE_STRICT_OBJC_MSGSEND = YES;
				GCC_C_LANGUAGE_STANDARD = gnu99;
				GCC_DYNAMIC_NO_PIC = NO;
				GCC_OPTIMIZATION_LEVEL = 0;
				GCC_PREFIX_HEADER = "YouKuSDKDemo/YouKuDemo-Prefix.pch";
				GCC_PREPROCESSOR_DEFINITIONS = (
					"DEBUG=1",
					"$(inherited)",
				);
				GCC_SYMBOLS_PRIVATE_EXTERN = NO;
				GCC_WARN_64_TO_32_BIT_CONVERSION = YES;
				GCC_WARN_ABOUT_RETURN_TYPE = YES_ERROR;
				GCC_WARN_UNDECLARED_SELECTOR = YES;
				GCC_WARN_UNINITIALIZED_AUTOS = YES_AGGRESSIVE;
				GCC_WARN_UNUSED_FUNCTION = YES;
				GCC_WARN_UNUSED_VARIABLE = YES;
				IPHONEOS_DEPLOYMENT_TARGET = 7.0;
				MTL_ENABLE_DEBUG_INFO = YES;
				ONLY_ACTIVE_ARCH = YES;
				SDKROOT = iphoneos;
				TARGETED_DEVICE_FAMILY = "1,2";
			};
			name = Debug;
		};
		13635E231AAE8356009B3427 /* Release */ = {
			isa = XCBuildConfiguration;
			buildSettings = {
				ALWAYS_SEARCH_USER_PATHS = NO;
				CLANG_CXX_LANGUAGE_STANDARD = "gnu++0x";
				CLANG_CXX_LIBRARY = "libc++";
				CLANG_ENABLE_MODULES = YES;
				CLANG_ENABLE_OBJC_ARC = YES;
				CLANG_WARN_BOOL_CONVERSION = YES;
				CLANG_WARN_CONSTANT_CONVERSION = YES;
				CLANG_WARN_DIRECT_OBJC_ISA_USAGE = YES_ERROR;
				CLANG_WARN_EMPTY_BODY = YES;
				CLANG_WARN_ENUM_CONVERSION = YES;
				CLANG_WARN_INT_CONVERSION = YES;
				CLANG_WARN_OBJC_ROOT_CLASS = YES_ERROR;
				CLANG_WARN_UNREACHABLE_CODE = YES;
				CLANG_WARN__DUPLICATE_METHOD_MATCH = YES;
				"CODE_SIGN_IDENTITY[sdk=iphoneos*]" = "iPhone Developer";
				COPY_PHASE_STRIP = YES;
				ENABLE_NS_ASSERTIONS = NO;
				ENABLE_STRICT_OBJC_MSGSEND = YES;
				GCC_C_LANGUAGE_STANDARD = gnu99;
				GCC_PREFIX_HEADER = "YouKuSDKDemo/YouKuDemo-Prefix.pch";
				GCC_WARN_64_TO_32_BIT_CONVERSION = YES;
				GCC_WARN_ABOUT_RETURN_TYPE = YES_ERROR;
				GCC_WARN_UNDECLARED_SELECTOR = YES;
				GCC_WARN_UNINITIALIZED_AUTOS = YES_AGGRESSIVE;
				GCC_WARN_UNUSED_FUNCTION = YES;
				GCC_WARN_UNUSED_VARIABLE = YES;
				IPHONEOS_DEPLOYMENT_TARGET = 7.0;
				MTL_ENABLE_DEBUG_INFO = NO;
				SDKROOT = iphoneos;
				TARGETED_DEVICE_FAMILY = "1,2";
				VALIDATE_PRODUCT = YES;
			};
			name = Release;
		};
		13635E251AAE8356009B3427 /* Debug */ = {
			isa = XCBuildConfiguration;
			buildSettings = {
				ASSETCATALOG_COMPILER_APPICON_NAME = AppIcon;
				INFOPLIST_FILE = YouKuSDKDemo/Info.plist;
				IPHONEOS_DEPLOYMENT_TARGET = 7.0;
				LD_RUNPATH_SEARCH_PATHS = "$(inherited) @executable_path/Frameworks";
				PRODUCT_NAME = "$(TARGET_NAME)";
				TARGETED_DEVICE_FAMILY = "1,2";
			};
			name = Debug;
		};
		13635E261AAE8356009B3427 /* Release */ = {
			isa = XCBuildConfiguration;
			buildSettings = {
				ASSETCATALOG_COMPILER_APPICON_NAME = AppIcon;
				INFOPLIST_FILE = YouKuSDKDemo/Info.plist;
				IPHONEOS_DEPLOYMENT_TARGET = 7.0;
				LD_RUNPATH_SEARCH_PATHS = "$(inherited) @executable_path/Frameworks";
				PRODUCT_NAME = "$(TARGET_NAME)";
				TARGETED_DEVICE_FAMILY = "1,2";
			};
			name = Release;
		};
		13635E281AAE8356009B3427 /* Debug */ = {
			isa = XCBuildConfiguration;
			buildSettings = {
				BUNDLE_LOADER = "$(TEST_HOST)";
				FRAMEWORK_SEARCH_PATHS = (
					"$(SDKROOT)/Developer/Library/Frameworks",
					"$(inherited)",
				);
				GCC_PREPROCESSOR_DEFINITIONS = (
					"DEBUG=1",
					"$(inherited)",
				);
				INFOPLIST_FILE = YouKuSDKDemoTests/Info.plist;
				LD_RUNPATH_SEARCH_PATHS = "$(inherited) @executable_path/Frameworks @loader_path/Frameworks";
				PRODUCT_NAME = "$(TARGET_NAME)";
				TEST_HOST = "$(BUILT_PRODUCTS_DIR)/YouKuSDKDemo.app/YouKuSDKDemo";
			};
			name = Debug;
		};
		13635E291AAE8356009B3427 /* Release */ = {
			isa = XCBuildConfiguration;
			buildSettings = {
				BUNDLE_LOADER = "$(TEST_HOST)";
				FRAMEWORK_SEARCH_PATHS = (
					"$(SDKROOT)/Developer/Library/Frameworks",
					"$(inherited)",
				);
				INFOPLIST_FILE = YouKuSDKDemoTests/Info.plist;
				LD_RUNPATH_SEARCH_PATHS = "$(inherited) @executable_path/Frameworks @loader_path/Frameworks";
				PRODUCT_NAME = "$(TARGET_NAME)";
				TEST_HOST = "$(BUILT_PRODUCTS_DIR)/YouKuSDKDemo.app/YouKuSDKDemo";
			};
			name = Release;
		};
/* End XCBuildConfiguration section */

/* Begin XCConfigurationList section */
		13635DFC1AAE8356009B3427 /* Build configuration list for PBXProject "YouKuSDKDemo" */ = {
			isa = XCConfigurationList;
			buildConfigurations = (
				13635E221AAE8356009B3427 /* Debug */,
				13635E231AAE8356009B3427 /* Release */,
			);
			defaultConfigurationIsVisible = 0;
			defaultConfigurationName = Release;
		};
		13635E241AAE8356009B3427 /* Build configuration list for PBXNativeTarget "YouKuSDKDemo" */ = {
			isa = XCConfigurationList;
			buildConfigurations = (
				13635E251AAE8356009B3427 /* Debug */,
				13635E261AAE8356009B3427 /* Release */,
			);
			defaultConfigurationIsVisible = 0;
			defaultConfigurationName = Release;
		};
		13635E271AAE8356009B3427 /* Build configuration list for PBXNativeTarget "YouKuSDKDemoTests" */ = {
			isa = XCConfigurationList;
			buildConfigurations = (
				13635E281AAE8356009B3427 /* Debug */,
				13635E291AAE8356009B3427 /* Release */,
			);
			defaultConfigurationIsVisible = 0;
			defaultConfigurationName = Release;
		};
/* End XCConfigurationList section */
	};
	rootObject = 13635DF91AAE8356009B3427 /* Project object */;
}
